
Microsoft Visual Studio Solution File, Format Version 12.00
# Visual Studio Version 16
VisualStudioVersion = 16.0.30011.22
MinimumVisualStudioVersion = 10.0.40219.1
Project("{FAE04EC0-301F-11D3-BF4B-00C04F79EFBC}") = "MyMapObjectsDemo", "MyMapObjectsDemo.csproj", "{BF9D0A1A-6C7C-404C-B948-71962314C8E4}"
EndProject
Project("{FAE04EC0-301F-11D3-BF4B-00C04F79EFBC}") = "MyMapObjects", "..\MyMapObjects\MyMapObjects.csproj", "{37B4EFA5-1C11-4F7F-A210-412017AD7DA5}"
EndProject
Global
	GlobalSection(SolutionConfigurationPlatforms) = preSolution
		Debug|Any CPU = Debug|Any CPU
		Release|Any CPU = Release|Any CPU
	EndGlobalSection
	GlobalSection(ProjectConfigurationPlatforms) = postSolution
		{BF9D0A1A-6C7C-404C-B948-71962314C8E4}.Debug|Any CPU.ActiveCfg = Debug|Any CPU
		{BF9D0A1A-6C7C-404C-B948-71962314C8E4}.Debug|Any CPU.Build.0 = Debug|Any CPU
		{BF9D0A1A-6C7C-404C-B948-71962314C8E4}.Release|Any CPU.ActiveCfg = Release|Any CPU
		{BF9D0A1A-6C7C-404C-B948-71962314C8E4}.Release|Any CPU.Build.0 = Release|Any CPU
		{37B4EFA5-1C11-4F7F-A210-412017AD7DA5}.Debug|Any CPU.ActiveCfg = Debug|Any CPU
		{37B4EFA5-1C11-4F7F-A210-412017AD7DA5}.Debug|Any CPU.Build.0 = Debug|Any CPU
		{37B4EFA5-1C11-4F7F-A210-412017AD7DA5}.Release|Any CPU.ActiveCfg = Release|Any CPU
		{37B4EFA5-1C11-4F7F-A210-412017AD7DA5}.Release|Any CPU.Build.0 = Release|Any CPU
	EndGlobalSection
	GlobalSection(SolutionProperties) = preSolution
		HideSolutionNode = FALSE
	EndGlobalSection
	GlobalSection(ExtensibilityGlobals) = postSolution
		SolutionGuid = {EA85F37F-EB19-4F54-9110-BED459D913D2}
	EndGlobalSection
EndGlobal
